
Microsoft Visual Studio Solution File, Format Version 12.00
# Visual Studio 14
VisualStudioVersion = 14.0.25420.1
MinimumVisualStudioVersion = 10.0.40219.1
Project("{FAE04EC0-301F-11D3-BF4B-00C04F79EFBC}") = "ProyectoCine", "ProyectoCine\ProyectoCine.csproj", "{B5599BB3-0E75-4165-AAEB-0DE70CCE1339}"
EndProject
Project("{2150E333-8FDC-42A3-9474-1A3956D46DE8}") = "Servicios", "Servicios", "{34293B12-7E6E-40BB-A684-C5B78F9F3E67}"
EndProject
Project("{FAE04EC0-301F-11D3-BF4B-00C04F79EFBC}") = "IServices", "IServices\IServices.csproj", "{3D2B720E-5543-459D-BAD8-FA3F33456FC2}"
EndProject
Project("{FAE04EC0-301F-11D3-BF4B-00C04F79EFBC}") = "Services", "Services\Services.csproj", "{C2A125F3-1A87-4EFA-9854-12BD5BE6461D}"
EndProject
Project("{FAE04EC0-301F-11D3-BF4B-00C04F79EFBC}") = "Entity", "Entity\Entity.csproj", "{D7B4ECAC-EACF-4BD9-A4D7-AFB46046830A}"
EndProject
Project("{2150E333-8FDC-42A3-9474-1A3956D46DE8}") = "DAL", "DAL", "{3989BA3D-5EFA-4FD9-B43D-559C75128406}"
EndProject
Global
	GlobalSection(SolutionConfigurationPlatforms) = preSolution
		Debug|Any CPU = Debug|Any CPU
		Release|Any CPU = Release|Any CPU
	EndGlobalSection
	GlobalSection(ProjectConfigurationPlatforms) = postSolution
		{B5599BB3-0E75-4165-AAEB-0DE70CCE1339}.Debug|Any CPU.ActiveCfg = Debug|Any CPU
		{B5599BB3-0E75-4165-AAEB-0DE70CCE1339}.Debug|Any CPU.Build.0 = Debug|Any CPU
		{B5599BB3-0E75-4165-AAEB-0DE70CCE1339}.Release|Any CPU.ActiveCfg = Release|Any CPU
		{B5599BB3-0E75-4165-AAEB-0DE70CCE1339}.Release|Any CPU.Build.0 = Release|Any CPU
		{3D2B720E-5543-459D-BAD8-FA3F33456FC2}.Debug|Any CPU.ActiveCfg = Debug|Any CPU
		{3D2B720E-5543-459D-BAD8-FA3F33456FC2}.Debug|Any CPU.Build.0 = Debug|Any CPU
		{3D2B720E-5543-459D-BAD8-FA3F33456FC2}.Release|Any CPU.ActiveCfg = Release|Any CPU
		{3D2B720E-5543-459D-BAD8-FA3F33456FC2}.Release|Any CPU.Build.0 = Release|Any CPU
		{C2A125F3-1A87-4EFA-9854-12BD5BE6461D}.Debug|Any CPU.ActiveCfg = Debug|Any CPU
		{C2A125F3-1A87-4EFA-9854-12BD5BE6461D}.Debug|Any CPU.Build.0 = Debug|Any CPU
		{C2A125F3-1A87-4EFA-9854-12BD5BE6461D}.Release|Any CPU.ActiveCfg = Release|Any CPU
		{C2A125F3-1A87-4EFA-9854-12BD5BE6461D}.Release|Any CPU.Build.0 = Release|Any CPU
		{D7B4ECAC-EACF-4BD9-A4D7-AFB46046830A}.Debug|Any CPU.ActiveCfg = Debug|Any CPU
		{D7B4ECAC-EACF-4BD9-A4D7-AFB46046830A}.Debug|Any CPU.Build.0 = Debug|Any CPU
		{D7B4ECAC-EACF-4BD9-A4D7-AFB46046830A}.Release|Any CPU.ActiveCfg = Release|Any CPU
		{D7B4ECAC-EACF-4BD9-A4D7-AFB46046830A}.Release|Any CPU.Build.0 = Release|Any CPU
	EndGlobalSection
	GlobalSection(SolutionProperties) = preSolution
		HideSolutionNode = FALSE
	EndGlobalSection
	GlobalSection(NestedProjects) = preSolution
		{3D2B720E-5543-459D-BAD8-FA3F33456FC2} = {34293B12-7E6E-40BB-A684-C5B78F9F3E67}
		{C2A125F3-1A87-4EFA-9854-12BD5BE6461D} = {34293B12-7E6E-40BB-A684-C5B78F9F3E67}
		{D7B4ECAC-EACF-4BD9-A4D7-AFB46046830A} = {3989BA3D-5EFA-4FD9-B43D-559C75128406}
	EndGlobalSection
EndGlobal
