
Microsoft Visual Studio Solution File, Format Version 12.00
# Visual Studio 14
VisualStudioVersion = 14.0.25123.0
MinimumVisualStudioVersion = 10.0.40219.1
Project("{FAE04EC0-301F-11D3-BF4B-00C04F79EFBC}") = "ProyectoAlCine", "ProyectoAlCine\ProyectoAlCine.csproj", "{9BEF7E12-45CF-4A17-B8AE-81CD9D1BEAEB}"
EndProject
Project("{FAE04EC0-301F-11D3-BF4B-00C04F79EFBC}") = "DataAccessLayer", "DataAccessLayer\DataAccessLayer.csproj", "{E2E3E4A9-0703-4AF6-AB2C-3053EF1DE975}"
EndProject
Project("{FAE04EC0-301F-11D3-BF4B-00C04F79EFBC}") = "Service", "Service\Service.csproj", "{612F181E-88F9-46E5-BEF1-40E45B5580F3}"
EndProject
Global
	GlobalSection(SolutionConfigurationPlatforms) = preSolution
		Debug|Any CPU = Debug|Any CPU
		Release|Any CPU = Release|Any CPU
	EndGlobalSection
	GlobalSection(ProjectConfigurationPlatforms) = postSolution
		{9BEF7E12-45CF-4A17-B8AE-81CD9D1BEAEB}.Debug|Any CPU.ActiveCfg = Debug|Any CPU
		{9BEF7E12-45CF-4A17-B8AE-81CD9D1BEAEB}.Debug|Any CPU.Build.0 = Debug|Any CPU
		{9BEF7E12-45CF-4A17-B8AE-81CD9D1BEAEB}.Release|Any CPU.ActiveCfg = Release|Any CPU
		{9BEF7E12-45CF-4A17-B8AE-81CD9D1BEAEB}.Release|Any CPU.Build.0 = Release|Any CPU
		{E2E3E4A9-0703-4AF6-AB2C-3053EF1DE975}.Debug|Any CPU.ActiveCfg = Debug|Any CPU
		{E2E3E4A9-0703-4AF6-AB2C-3053EF1DE975}.Debug|Any CPU.Build.0 = Debug|Any CPU
		{E2E3E4A9-0703-4AF6-AB2C-3053EF1DE975}.Release|Any CPU.ActiveCfg = Release|Any CPU
		{E2E3E4A9-0703-4AF6-AB2C-3053EF1DE975}.Release|Any CPU.Build.0 = Release|Any CPU
		{612F181E-88F9-46E5-BEF1-40E45B5580F3}.Debug|Any CPU.ActiveCfg = Debug|Any CPU
		{612F181E-88F9-46E5-BEF1-40E45B5580F3}.Debug|Any CPU.Build.0 = Debug|Any CPU
		{612F181E-88F9-46E5-BEF1-40E45B5580F3}.Release|Any CPU.ActiveCfg = Release|Any CPU
		{612F181E-88F9-46E5-BEF1-40E45B5580F3}.Release|Any CPU.Build.0 = Release|Any CPU
	EndGlobalSection
	GlobalSection(SolutionProperties) = preSolution
		HideSolutionNode = FALSE
	EndGlobalSection
EndGlobal
